lockfileVersion: '9.0'

settings:
  autoInstallPeers: true
  excludeLinksFromLockfile: false

importers:

  .:
    dependencies:
      '@radix-ui/react-dialog':
        specifier: ^1.1.14
        version: 1.1.14(@types/react-dom@18.3.7(@types/react@18.3.23))(@types/react@18.3.23)(react-dom@18.3.1(react@18.3.1))(react@18.3.1)
      cropperjs:
        specifier: ^1.6.2
        version: 1.6.2
      lucide-react:
        specifier: ^0.289.0
        version: 0.289.0(react@18.3.1)
    devDependencies:
      '@biomejs/biome':
        specifier: ^1.9.4
        version: 1.9.4
      '@tailwindcss/postcss':
        specifier: ^4.1.8
        version: 4.1.8
      '@types/node':
        specifier: ^20.19.0
        version: 20.19.0
      '@types/react':
        specifier: ^18.3.23
        version: 18.3.23
      '@types/react-dom':
        specifier: ^18.3.7
        version: 18.3.7(@types/react@18.3.23)
      next:
        specifier: 14.2.29
        version: 14.2.29(react-dom@18.3.1(react@18.3.1))(react@18.3.1)
      postcss:
        specifier: ^8.5.4
        version: 8.5.4
      react:
        specifier: ^18.3.1
        version: 18.3.1
      react-dom:
        specifier: ^18.3.1
        version: 18.3.1(react@18.3.1)
      tailwindcss:
        specifier: ^4.1.8
        version: 4.1.8
      typescript:
        specifier: ^5.8.3
        version: 5.8.3

packages:

  '@alloc/quick-lru@5.2.0':
    resolution: {integrity: sha512-UrcABB+4bUrFABwbluTIBErXwvbsU/V7TZWfmbgJfbkwiBuziS9gxdODUyuiecfdGQ85jglMW6juS3+z5TsKLw==}
    engines: {node: '>=10'}

  '@ampproject/remapping@2.3.0':
    resolution: {integrity: sha512-30iZtAPgz+LTIYoeivqYo853f02jBYSd5uGnGpkFV0M3xOt9aN73erkgYAmZU43x4VfqcnLxW9Kpg3R5LC4YYw==}
    engines: {node: '>=6.0.0'}

  '@biomejs/biome@1.9.4':
    resolution: {integrity: sha512-1rkd7G70+o9KkTn5KLmDYXihGoTaIGO9PIIN2ZB7UJxFrWw04CZHPYiMRjYsaDvVV7hP1dYNRLxSANLaBFGpog==}
    engines: {node: '>=14.21.3'}
    hasBin: true

  '@biomejs/cli-darwin-arm64@1.9.4':
    resolution: {integrity: sha512-bFBsPWrNvkdKrNCYeAp+xo2HecOGPAy9WyNyB/jKnnedgzl4W4Hb9ZMzYNbf8dMCGmUdSavlYHiR01QaYR58cw==}
    engines: {node: '>=14.21.3'}
    cpu: [arm64]
    os: [darwin]

  '@biomejs/cli-darwin-x64@1.9.4':
    resolution: {integrity: sha512-ngYBh/+bEedqkSevPVhLP4QfVPCpb+4BBe2p7Xs32dBgs7rh9nY2AIYUL6BgLw1JVXV8GlpKmb/hNiuIxfPfZg==}
    engines: {node: '>=14.21.3'}
    cpu: [x64]
    os: [darwin]

  '@biomejs/cli-linux-arm64-musl@1.9.4':
    resolution: {integrity: sha512-v665Ct9WCRjGa8+kTr0CzApU0+XXtRgwmzIf1SeKSGAv+2scAlW6JR5PMFo6FzqqZ64Po79cKODKf3/AAmECqA==}
    engines: {node: '>=14.21.3'}
    cpu: [arm64]
    os: [linux]

  '@biomejs/cli-linux-arm64@1.9.4':
    resolution: {integrity: sha512-fJIW0+LYujdjUgJJuwesP4EjIBl/N/TcOX3IvIHJQNsAqvV2CHIogsmA94BPG6jZATS4Hi+xv4SkBBQSt1N4/g==}
    engines: {node: '>=14.21.3'}
    cpu: [arm64]
    os: [linux]

  '@biomejs/cli-linux-x64-musl@1.9.4':
    resolution: {integrity: sha512-gEhi/jSBhZ2m6wjV530Yy8+fNqG8PAinM3oV7CyO+6c3CEh16Eizm21uHVsyVBEB6RIM8JHIl6AGYCv6Q6Q9Tg==}
    engines: {node: '>=14.21.3'}
    cpu: [x64]
    os: [linux]

  '@biomejs/cli-linux-x64@1.9.4':
    resolution: {integrity: sha512-lRCJv/Vi3Vlwmbd6K+oQ0KhLHMAysN8lXoCI7XeHlxaajk06u7G+UsFSO01NAs5iYuWKmVZjmiOzJ0OJmGsMwg==}
    engines: {node: '>=14.21.3'}
    cpu: [x64]
    os: [linux]

  '@biomejs/cli-win32-arm64@1.9.4':
    resolution: {integrity: sha512-tlbhLk+WXZmgwoIKwHIHEBZUwxml7bRJgk0X2sPyNR3S93cdRq6XulAZRQJ17FYGGzWne0fgrXBKpl7l4M87Hg==}
    engines: {node: '>=14.21.3'}
    cpu: [arm64]
    os: [win32]

  '@biomejs/cli-win32-x64@1.9.4':
    resolution: {integrity: sha512-8Y5wMhVIPaWe6jw2H+KlEm4wP/f7EW3810ZLmDlrEEy5KvBsb9ECEfu/kMWD484ijfQ8+nIi0giMgu9g1UAuuA==}
    engines: {node: '>=14.21.3'}
    cpu: [x64]
    os: [win32]

  '@isaacs/fs-minipass@4.0.1':
    resolution: {integrity: sha512-wgm9Ehl2jpeqP3zw/7mo3kRHFp5MEDhqAdwy1fTGkHAwnkGOVsgpvQhL8B5n1qlb01jV3n/bI0ZfZp5lWA1k4w==}
    engines: {node: '>=18.0.0'}

  '@jridgewell/gen-mapping@0.3.8':
    resolution: {integrity: sha512-imAbBGkb+ebQyxKgzv5Hu2nmROxoDOXHh80evxdoXNOrvAnVx7zimzc1Oo5h9RlfV4vPXaE2iM5pOFbvOCClWA==}
    engines: {node: '>=6.0.0'}

  '@jridgewell/resolve-uri@3.1.2':
    resolution: {integrity: sha512-bRISgCIjP20/tbWSPWMEi54QVPRZExkuD9lJL+UIxUKtwVJA8wW1Trb1jMs1RFXo1CBTNZ/5hpC9QvmKWdopKw==}
    engines: {node: '>=6.0.0'}

  '@jridgewell/set-array@1.2.1':
    resolution: {integrity: sha512-R8gLRTZeyp03ymzP/6Lil/28tGeGEzhx1q2k703KGWRAI1VdvPIXdG70VJc2pAMw3NA6JKL5hhFu1sJX0Mnn/A==}
    engines: {node: '>=6.0.0'}

  '@jridgewell/sourcemap-codec@1.5.0':
    resolution: {integrity: sha512-gv3ZRaISU3fjPAgNsriBRqGWQL6quFx04YMPW/zD8XMLsU32mhCCbfbO6KZFLjvYpCZ8zyDEgqsgf+PwPaM7GQ==}

  '@jridgewell/trace-mapping@0.3.25':
    resolution: {integrity: sha512-vNk6aEwybGtawWmy/PzwnGDOjCkLWSD2wqvjGGAgOAwCGWySYXfYoxt00IJkTF+8Lb57DwOb3Aa0o9CApepiYQ==}

  '@next/env@14.2.29':
    resolution: {integrity: sha512-UzgLR2eBfhKIQt0aJ7PWH7XRPYw7SXz0Fpzdl5THjUnvxy4kfBk9OU4RNPNiETewEEtaBcExNFNn1QWH8wQTjg==}

  '@next/swc-darwin-arm64@14.2.29':
    resolution: {integrity: sha512-wWtrAaxCVMejxPHFb1SK/PVV1WDIrXGs9ki0C/kUM8ubKHQm+3hU9MouUywCw8Wbhj3pewfHT2wjunLEr/TaLA==}
    engines: {node: '>= 10'}
    cpu: [arm64]
    os: [darwin]

  '@next/swc-darwin-x64@14.2.29':
    resolution: {integrity: sha512-7Z/jk+6EVBj4pNLw/JQrvZVrAh9Bv8q81zCFSfvTMZ51WySyEHWVpwCEaJY910LyBftv2F37kuDPQm0w9CEXyg==}
    engines: {node: '>= 10'}
    cpu: [x64]
    os: [darwin]

  '@next/swc-linux-arm64-gnu@14.2.29':
    resolution: {integrity: sha512-o6hrz5xRBwi+G7JFTHc+RUsXo2lVXEfwh4/qsuWBMQq6aut+0w98WEnoNwAwt7hkEqegzvazf81dNiwo7KjITw==}
    engines: {node: '>= 10'}
    cpu: [arm64]
    os: [linux]

  '@next/swc-linux-arm64-musl@14.2.29':
    resolution: {integrity: sha512-9i+JEHBOVgqxQ92HHRFlSW1EQXqa/89IVjtHgOqsShCcB/ZBjTtkWGi+SGCJaYyWkr/lzu51NTMCfKuBf7ULNw==}
    engines: {node: '>= 10'}
    cpu: [arm64]
    os: [linux]

  '@next/swc-linux-x64-gnu@14.2.29':
    resolution: {integrity: sha512-B7JtMbkUwHijrGBOhgSQu2ncbCYq9E7PZ7MX58kxheiEOwdkM+jGx0cBb+rN5AeqF96JypEppK6i/bEL9T13lA==}
    engines: {node: '>= 10'}
    cpu: [x64]
    os: [linux]

  '@next/swc-linux-x64-musl@14.2.29':
    resolution: {integrity: sha512-yCcZo1OrO3aQ38B5zctqKU1Z3klOohIxug6qdiKO3Q3qNye/1n6XIs01YJ+Uf+TdpZQ0fNrOQI2HrTLF3Zprnw==}
    engines: {node: '>= 10'}
    cpu: [x64]
    os: [linux]

  '@next/swc-win32-arm64-msvc@14.2.29':
    resolution: {integrity: sha512-WnrfeOEtTVidI9Z6jDLy+gxrpDcEJtZva54LYC0bSKQqmyuHzl0ego+v0F/v2aXq0am67BRqo/ybmmt45Tzo4A==}
    engines: {node: '>= 10'}
    cpu: [arm64]
    os: [win32]

  '@next/swc-win32-ia32-msvc@14.2.29':
    resolution: {integrity: sha512-vkcriFROT4wsTdSeIzbxaZjTNTFKjSYmLd8q/GVH3Dn8JmYjUKOuKXHK8n+lovW/kdcpIvydO5GtN+It2CvKWA==}
    engines: {node: '>= 10'}
    cpu: [ia32]
    os: [win32]

  '@next/swc-win32-x64-msvc@14.2.29':
    resolution: {integrity: sha512-iPPwUEKnVs7pwR0EBLJlwxLD7TTHWS/AoVZx1l9ZQzfQciqaFEr5AlYzA2uB6Fyby1IF18t4PL0nTpB+k4Tzlw==}
    engines: {node: '>= 10'}
    cpu: [x64]
    os: [win32]

  '@radix-ui/primitive@1.1.2':
    resolution: {integrity: sha512-XnbHrrprsNqZKQhStrSwgRUQzoCI1glLzdw79xiZPoofhGICeZRSQ3dIxAKH1gb3OHfNf4d6f+vAv3kil2eggA==}

  '@radix-ui/react-compose-refs@1.1.2':
    resolution: {integrity: sha512-z4eqJvfiNnFMHIIvXP3CY57y2WJs5g2v3X0zm9mEJkrkNv4rDxu+sg9Jh8EkXyeqBkB7SOcboo9dMVqhyrACIg==}
    peerDependencies:
      '@types/react': '*'
      react: ^16.8 || ^17.0 || ^18.0 || ^19.0 || ^19.0.0-rc
    peerDependenciesMeta:
      '@types/react':
        optional: true

  '@radix-ui/react-context@1.1.2':
    resolution: {integrity: sha512-jCi/QKUM2r1Ju5a3J64TH2A5SpKAgh0LpknyqdQ4m6DCV0xJ2HG1xARRwNGPQfi1SLdLWZ1OJz6F4OMBBNiGJA==}
    peerDependencies:
      '@types/react': '*'
      react: ^16.8 || ^17.0 || ^18.0 || ^19.0 || ^19.0.0-rc
    peerDependenciesMeta:
      '@types/react':
        optional: true

  '@radix-ui/react-dialog@1.1.14':
    resolution: {integrity: sha512-+CpweKjqpzTmwRwcYECQcNYbI8V9VSQt0SNFKeEBLgfucbsLssU6Ppq7wUdNXEGb573bMjFhVjKVll8rmV6zMw==}
    peerDependencies:
      '@types/react': '*'
      '@types/react-dom': '*'
      react: ^16.8 || ^17.0 || ^18.0 || ^19.0 || ^19.0.0-rc
      react-dom: ^16.8 || ^17.0 || ^18.0 || ^19.0 || ^19.0.0-rc
    peerDependenciesMeta:
      '@types/react':
        optional: true
      '@types/react-dom':
        optional: true

  '@radix-ui/react-dismissable-layer@1.1.10':
    resolution: {integrity: sha512-IM1zzRV4W3HtVgftdQiiOmA0AdJlCtMLe00FXaHwgt3rAnNsIyDqshvkIW3hj/iu5hu8ERP7KIYki6NkqDxAwQ==}
    peerDependencies:
      '@types/react': '*'
      '@types/react-dom': '*'
      react: ^16.8 || ^17.0 || ^18.0 || ^19.0 || ^19.0.0-rc
      react-dom: ^16.8 || ^17.0 || ^18.0 || ^19.0 || ^19.0.0-rc
    peerDependenciesMeta:
      '@types/react':
        optional: true
      '@types/react-dom':
        optional: true

  '@radix-ui/react-focus-guards@1.1.2':
    resolution: {integrity: sha512-fyjAACV62oPV925xFCrH8DR5xWhg9KYtJT4s3u54jxp+L/hbpTY2kIeEFFbFe+a/HCE94zGQMZLIpVTPVZDhaA==}
    peerDependencies:
      '@types/react': '*'
      react: ^16.8 || ^17.0 || ^18.0 || ^19.0 || ^19.0.0-rc
    peerDependenciesMeta:
      '@types/react':
        optional: true

  '@radix-ui/react-focus-scope@1.1.7':
    resolution: {integrity: sha512-t2ODlkXBQyn7jkl6TNaw/MtVEVvIGelJDCG41Okq/KwUsJBwQ4XVZsHAVUkK4mBv3ewiAS3PGuUWuY2BoK4ZUw==}
    peerDependencies:
      '@types/react': '*'
      '@types/react-dom': '*'
      react: ^16.8 || ^17.0 || ^18.0 || ^19.0 || ^19.0.0-rc
      react-dom: ^16.8 || ^17.0 || ^18.0 || ^19.0 || ^19.0.0-rc
    peerDependenciesMeta:
      '@types/react':
        optional: true
      '@types/react-dom':
        optional: true

  '@radix-ui/react-id@1.1.1':
    resolution: {integrity: sha512-kGkGegYIdQsOb4XjsfM97rXsiHaBwco+hFI66oO4s9LU+PLAC5oJ7khdOVFxkhsmlbpUqDAvXw11CluXP+jkHg==}
    peerDependencies:
      '@types/react': '*'
      react: ^16.8 || ^17.0 || ^18.0 || ^19.0 || ^19.0.0-rc
    peerDependenciesMeta:
      '@types/react':
        optional: true

  '@radix-ui/react-portal@1.1.9':
    resolution: {integrity: sha512-bpIxvq03if6UNwXZ+HTK71JLh4APvnXntDc6XOX8UVq4XQOVl7lwok0AvIl+b8zgCw3fSaVTZMpAPPagXbKmHQ==}
    peerDependencies:
      '@types/react': '*'
      '@types/react-dom': '*'
      react: ^16.8 || ^17.0 || ^18.0 || ^19.0 || ^19.0.0-rc
      react-dom: ^16.8 || ^17.0 || ^18.0 || ^19.0 || ^19.0.0-rc
    peerDependenciesMeta:
      '@types/react':
        optional: true
      '@types/react-dom':
        optional: true

  '@radix-ui/react-presence@1.1.4':
    resolution: {integrity: sha512-ueDqRbdc4/bkaQT3GIpLQssRlFgWaL/U2z/S31qRwwLWoxHLgry3SIfCwhxeQNbirEUXFa+lq3RL3oBYXtcmIA==}
    peerDependencies:
      '@types/react': '*'
      '@types/react-dom': '*'
      react: ^16.8 || ^17.0 || ^18.0 || ^19.0 || ^19.0.0-rc
      react-dom: ^16.8 || ^17.0 || ^18.0 || ^19.0 || ^19.0.0-rc
    peerDependenciesMeta:
      '@types/react':
        optional: true
      '@types/react-dom':
        optional: true

  '@radix-ui/react-primitive@2.1.3':
    resolution: {integrity: sha512-m9gTwRkhy2lvCPe6QJp4d3G1TYEUHn/FzJUtq9MjH46an1wJU+GdoGC5VLof8RX8Ft/DlpshApkhswDLZzHIcQ==}
    peerDependencies:
      '@types/react': '*'
      '@types/react-dom': '*'
      react: ^16.8 || ^17.0 || ^18.0 || ^19.0 || ^19.0.0-rc
      react-dom: ^16.8 || ^17.0 || ^18.0 || ^19.0 || ^19.0.0-rc
    peerDependenciesMeta:
      '@types/react':
        optional: true
      '@types/react-dom':
        optional: true

  '@radix-ui/react-slot@1.2.3':
    resolution: {integrity: sha512-aeNmHnBxbi2St0au6VBVC7JXFlhLlOnvIIlePNniyUNAClzmtAUEY8/pBiK3iHjufOlwA+c20/8jngo7xcrg8A==}
    peerDependencies:
      '@types/react': '*'
      react: ^16.8 || ^17.0 || ^18.0 || ^19.0 || ^19.0.0-rc
    peerDependenciesMeta:
      '@types/react':
        optional: true

  '@radix-ui/react-use-callback-ref@1.1.1':
    resolution: {integrity: sha512-FkBMwD+qbGQeMu1cOHnuGB6x4yzPjho8ap5WtbEJ26umhgqVXbhekKUQO+hZEL1vU92a3wHwdp0HAcqAUF5iDg==}
    peerDependencies:
      '@types/react': '*'
      react: ^16.8 || ^17.0 || ^18.0 || ^19.0 || ^19.0.0-rc
    peerDependenciesMeta:
      '@types/react':
        optional: true

  '@radix-ui/react-use-controllable-state@1.2.2':
    resolution: {integrity: sha512-BjasUjixPFdS+NKkypcyyN5Pmg83Olst0+c6vGov0diwTEo6mgdqVR6hxcEgFuh4QrAs7Rc+9KuGJ9TVCj0Zzg==}
    peerDependencies:
      '@types/react': '*'
      react: ^16.8 || ^17.0 || ^18.0 || ^19.0 || ^19.0.0-rc
    peerDependenciesMeta:
      '@types/react':
        optional: true

  '@radix-ui/react-use-effect-event@0.0.2':
    resolution: {integrity: sha512-Qp8WbZOBe+blgpuUT+lw2xheLP8q0oatc9UpmiemEICxGvFLYmHm9QowVZGHtJlGbS6A6yJ3iViad/2cVjnOiA==}
    peerDependencies:
      '@types/react': '*'
      react: ^16.8 || ^17.0 || ^18.0 || ^19.0 || ^19.0.0-rc
    peerDependenciesMeta:
      '@types/react':
        optional: true

  '@radix-ui/react-use-escape-keydown@1.1.1':
    resolution: {integrity: sha512-Il0+boE7w/XebUHyBjroE+DbByORGR9KKmITzbR7MyQ4akpORYP/ZmbhAr0DG7RmmBqoOnZdy2QlvajJ2QA59g==}
    peerDependencies:
      '@types/react': '*'
      react: ^16.8 || ^17.0 || ^18.0 || ^19.0 || ^19.0.0-rc
    peerDependenciesMeta:
      '@types/react':
        optional: true

  '@radix-ui/react-use-layout-effect@1.1.1':
    resolution: {integrity: sha512-RbJRS4UWQFkzHTTwVymMTUv8EqYhOp8dOOviLj2ugtTiXRaRQS7GLGxZTLL1jWhMeoSCf5zmcZkqTl9IiYfXcQ==}
    peerDependencies:
      '@types/react': '*'
      react: ^16.8 || ^17.0 || ^18.0 || ^19.0 || ^19.0.0-rc
    peerDependenciesMeta:
      '@types/react':
        optional: true

  '@swc/counter@0.1.3':
    resolution: {integrity: sha512-e2BR4lsJkkRlKZ/qCHPw9ZaSxc0MVUd7gtbtaB7aMvHeJVYe8sOB8DBZkP2DtISHGSku9sCK6T6cnY0CtXrOCQ==}

  '@swc/helpers@0.5.5':
    resolution: {integrity: sha512-KGYxvIOXcceOAbEk4bi/dVLEK9z8sZ0uBB3Il5b1rhfClSpcX0yfRO0KmTkqR2cnQDymwLB+25ZyMzICg/cm/A==}

  '@tailwindcss/node@4.1.8':
    resolution: {integrity: sha512-OWwBsbC9BFAJelmnNcrKuf+bka2ZxCE2A4Ft53Tkg4uoiE67r/PMEYwCsourC26E+kmxfwE0hVzMdxqeW+xu7Q==}

  '@tailwindcss/oxide-android-arm64@4.1.8':
    resolution: {integrity: sha512-Fbz7qni62uKYceWYvUjRqhGfZKwhZDQhlrJKGtnZfuNtHFqa8wmr+Wn74CTWERiW2hn3mN5gTpOoxWKk0jRxjg==}
    engines: {node: '>= 10'}
    cpu: [arm64]
    os: [android]

  '@tailwindcss/oxide-darwin-arm64@4.1.8':
    resolution: {integrity: sha512-RdRvedGsT0vwVVDztvyXhKpsU2ark/BjgG0huo4+2BluxdXo8NDgzl77qh0T1nUxmM11eXwR8jA39ibvSTbi7A==}
    engines: {node: '>= 10'}
    cpu: [arm64]
    os: [darwin]

  '@tailwindcss/oxide-darwin-x64@4.1.8':
    resolution: {integrity: sha512-t6PgxjEMLp5Ovf7uMb2OFmb3kqzVTPPakWpBIFzppk4JE4ix0yEtbtSjPbU8+PZETpaYMtXvss2Sdkx8Vs4XRw==}
    engines: {node: '>= 10'}
    cpu: [x64]
    os: [darwin]

  '@tailwindcss/oxide-freebsd-x64@4.1.8':
    resolution: {integrity: sha512-g8C8eGEyhHTqwPStSwZNSrOlyx0bhK/V/+zX0Y+n7DoRUzyS8eMbVshVOLJTDDC+Qn9IJnilYbIKzpB9n4aBsg==}
    engines: {node: '>= 10'}
    cpu: [x64]
    os: [freebsd]

  '@tailwindcss/oxide-linux-arm-gnueabihf@4.1.8':
    resolution: {integrity: sha512-Jmzr3FA4S2tHhaC6yCjac3rGf7hG9R6Gf2z9i9JFcuyy0u79HfQsh/thifbYTF2ic82KJovKKkIB6Z9TdNhCXQ==}
    engines: {node: '>= 10'}
    cpu: [arm]
    os: [linux]

  '@tailwindcss/oxide-linux-arm64-gnu@4.1.8':
    resolution: {integrity: sha512-qq7jXtO1+UEtCmCeBBIRDrPFIVI4ilEQ97qgBGdwXAARrUqSn/L9fUrkb1XP/mvVtoVeR2bt/0L77xx53bPZ/Q==}
    engines: {node: '>= 10'}
    cpu: [arm64]
    os: [linux]

  '@tailwindcss/oxide-linux-arm64-musl@4.1.8':
    resolution: {integrity: sha512-O6b8QesPbJCRshsNApsOIpzKt3ztG35gfX9tEf4arD7mwNinsoCKxkj8TgEE0YRjmjtO3r9FlJnT/ENd9EVefQ==}
    engines: {node: '>= 10'}
    cpu: [arm64]
    os: [linux]

  '@tailwindcss/oxide-linux-x64-gnu@4.1.8':
    resolution: {integrity: sha512-32iEXX/pXwikshNOGnERAFwFSfiltmijMIAbUhnNyjFr3tmWmMJWQKU2vNcFX0DACSXJ3ZWcSkzNbaKTdngH6g==}
    engines: {node: '>= 10'}
    cpu: [x64]
    os: [linux]

  '@tailwindcss/oxide-linux-x64-musl@4.1.8':
    resolution: {integrity: sha512-s+VSSD+TfZeMEsCaFaHTaY5YNj3Dri8rST09gMvYQKwPphacRG7wbuQ5ZJMIJXN/puxPcg/nU+ucvWguPpvBDg==}
    engines: {node: '>= 10'}
    cpu: [x64]
    os: [linux]

  '@tailwindcss/oxide-wasm32-wasi@4.1.8':
    resolution: {integrity: sha512-CXBPVFkpDjM67sS1psWohZ6g/2/cd+cq56vPxK4JeawelxwK4YECgl9Y9TjkE2qfF+9/s1tHHJqrC4SS6cVvSg==}
    engines: {node: '>=14.0.0'}
    cpu: [wasm32]
    bundledDependencies:
      - '@napi-rs/wasm-runtime'
      - '@emnapi/core'
      - '@emnapi/runtime'
      - '@tybys/wasm-util'
      - '@emnapi/wasi-threads'
      - tslib

  '@tailwindcss/oxide-win32-arm64-msvc@4.1.8':
    resolution: {integrity: sha512-7GmYk1n28teDHUjPlIx4Z6Z4hHEgvP5ZW2QS9ygnDAdI/myh3HTHjDqtSqgu1BpRoI4OiLx+fThAyA1JePoENA==}
    engines: {node: '>= 10'}
    cpu: [arm64]
    os: [win32]

  '@tailwindcss/oxide-win32-x64-msvc@4.1.8':
    resolution: {integrity: sha512-fou+U20j+Jl0EHwK92spoWISON2OBnCazIc038Xj2TdweYV33ZRkS9nwqiUi2d/Wba5xg5UoHfvynnb/UB49cQ==}
    engines: {node: '>= 10'}
    cpu: [x64]
    os: [win32]

  '@tailwindcss/oxide@4.1.8':
    resolution: {integrity: sha512-d7qvv9PsM5N3VNKhwVUhpK6r4h9wtLkJ6lz9ZY9aeZgrUWk1Z8VPyqyDT9MZlem7GTGseRQHkeB1j3tC7W1P+A==}
    engines: {node: '>= 10'}

  '@tailwindcss/postcss@4.1.8':
    resolution: {integrity: sha512-vB/vlf7rIky+w94aWMw34bWW1ka6g6C3xIOdICKX2GC0VcLtL6fhlLiafF0DVIwa9V6EHz8kbWMkS2s2QvvNlw==}

  '@types/node@20.19.0':
    resolution: {integrity: sha512-hfrc+1tud1xcdVTABC2JiomZJEklMcXYNTVtZLAeqTVWD+qL5jkHKT+1lOtqDdGxt+mB53DTtiz673vfjU8D1Q==}

  '@types/prop-types@15.7.14':
    resolution: {integrity: sha512-gNMvNH49DJ7OJYv+KAKn0Xp45p8PLl6zo2YnvDIbTd4J6MER2BmWN49TG7n9LvkyihINxeKW8+3bfS2yDC9dzQ==}

  '@types/react-dom@18.3.7':
    resolution: {integrity: sha512-MEe3UeoENYVFXzoXEWsvcpg6ZvlrFNlOQ7EOsvhI3CfAXwzPfO8Qwuxd40nepsYKqyyVQnTdEfv68q91yLcKrQ==}
    peerDependencies:
      '@types/react': ^18.0.0

  '@types/react@18.3.23':
    resolution: {integrity: sha512-/LDXMQh55EzZQ0uVAZmKKhfENivEvWz6E+EYzh+/MCjMhNsotd+ZHhBGIjFDTi6+fz0OhQQQLbTgdQIxxCsC0w==}

  aria-hidden@1.2.6:
    resolution: {integrity: sha512-ik3ZgC9dY/lYVVM++OISsaYDeg1tb0VtP5uL3ouh1koGOaUMDPpbFIei4JkFimWUFPn90sbMNMXQAIVOlnYKJA==}
    engines: {node: '>=10'}

  busboy@1.6.0:
    resolution: {integrity: sha512-8SFQbg/0hQ9xy3UNTB0YEnsNBbWfhf7RtnzpL7TkBiTBRfrQ9Fxcnz7VJsleJpyp6rVLvXiuORqjlHi5q+PYuA==}
    engines: {node: '>=10.16.0'}

  caniuse-lite@1.0.30001721:
    resolution: {integrity: sha512-cOuvmUVtKrtEaoKiO0rSc29jcjwMwX5tOHDy4MgVFEWiUXj4uBMJkwI8MDySkgXidpMiHUcviogAvFi4pA2hDQ==}

  chownr@3.0.0:
    resolution: {integrity: sha512-+IxzY9BZOQd/XuYPRmrvEVjF/nqj5kgT4kEq7VofrDoM1MxoRjEWkrCC3EtLi59TVawxTAn+orJwFQcrqEN1+g==}
    engines: {node: '>=18'}

  client-only@0.0.1:
    resolution: {integrity: sha512-IV3Ou0jSMzZrd3pZ48nLkT9DA7Ag1pnPzaiQhpW7c3RbcqqzvzzVu+L8gfqMp/8IM2MQtSiqaCxrrcfu8I8rMA==}

  cropperjs@1.6.2:
    resolution: {integrity: sha512-nhymn9GdnV3CqiEHJVai54TULFAE3VshJTXSqSJKa8yXAKyBKDWdhHarnlIPrshJ0WMFTGuFvG02YjLXfPiuOA==}

  csstype@3.1.3:
    resolution: {integrity: sha512-M1uQkMl8rQK/szD0LNhtqxIPLpimGm8sOBwU7lLnCpSbTyY3yeU1Vc7l4KT5zT4s/yOxHH5O7tIuuLOCnLADRw==}

  detect-libc@2.0.4:
    resolution: {integrity: sha512-3UDv+G9CsCKO1WKMGw9fwq/SWJYbI0c5Y7LU1AXYoDdbhE2AHQ6N6Nb34sG8Fj7T5APy8qXDCKuuIHd1BR0tVA==}
    engines: {node: '>=8'}

  detect-node-es@1.1.0:
    resolution: {integrity: sha512-ypdmJU/TbBby2Dxibuv7ZLW3Bs1QEmM7nHjEANfohJLvE0XVujisn1qPJcZxg+qDucsr+bP6fLD1rPS3AhJ7EQ==}

  enhanced-resolve@5.18.1:
    resolution: {integrity: sha512-ZSW3ma5GkcQBIpwZTSRAI8N71Uuwgs93IezB7mf7R60tC8ZbJideoDNKjHn2O9KIlx6rkGTTEk1xUCK2E1Y2Yg==}
    engines: {node: '>=10.13.0'}

  get-nonce@1.0.1:
    resolution: {integrity: sha512-FJhYRoDaiatfEkUK8HKlicmu/3SGFD51q3itKDGoSTysQJBnfOcxU5GxnhE1E6soB76MbT0MBtnKJuXyAx+96Q==}
    engines: {node: '>=6'}

  graceful-fs@4.2.11:
    resolution: {integrity: sha512-RbJ5/jmFcNNCcDV5o9eTnBLJ/HszWV0P73bc+Ff4nS/rJj+YaS6IGyiOL0VoBYX+l1Wrl3k63h/KrH+nhJ0XvQ==}

  jiti@2.4.2:
    resolution: {integrity: sha512-rg9zJN+G4n2nfJl5MW3BMygZX56zKPNVEYYqq7adpmMh4Jn2QNEwhvQlFy6jPVdcod7txZtKHWnyZiA3a0zP7A==}
    hasBin: true

  js-tokens@4.0.0:
    resolution: {integrity: sha512-RdJUflcE3cUzKiMqQgsCu06FPu9UdIJO0beYbPhHN4k6apgJtifcoCtT9bcxOpYBtpD2kCM6Sbzg4CausW/PKQ==}

  lightningcss-darwin-arm64@1.30.1:
    resolution: {integrity: sha512-c8JK7hyE65X1MHMN+Viq9n11RRC7hgin3HhYKhrMyaXflk5GVplZ60IxyoVtzILeKr+xAJwg6zK6sjTBJ0FKYQ==}
    engines: {node: '>= 12.0.0'}
    cpu: [arm64]
    os: [darwin]

  lightningcss-darwin-x64@1.30.1:
    resolution: {integrity: sha512-k1EvjakfumAQoTfcXUcHQZhSpLlkAuEkdMBsI/ivWw9hL+7FtilQc0Cy3hrx0AAQrVtQAbMI7YjCgYgvn37PzA==}
    engines: {node: '>= 12.0.0'}
    cpu: [x64]
    os: [darwin]

  lightningcss-freebsd-x64@1.30.1:
    resolution: {integrity: sha512-kmW6UGCGg2PcyUE59K5r0kWfKPAVy4SltVeut+umLCFoJ53RdCUWxcRDzO1eTaxf/7Q2H7LTquFHPL5R+Gjyig==}
    engines: {node: '>= 12.0.0'}
    cpu: [x64]
    os: [freebsd]

  lightningcss-linux-arm-gnueabihf@1.30.1:
    resolution: {integrity: sha512-MjxUShl1v8pit+6D/zSPq9S9dQ2NPFSQwGvxBCYaBYLPlCWuPh9/t1MRS8iUaR8i+a6w7aps+B4N0S1TYP/R+Q==}
    engines: {node: '>= 12.0.0'}
    cpu: [arm]
    os: [linux]

  lightningcss-linux-arm64-gnu@1.30.1:
    resolution: {integrity: sha512-gB72maP8rmrKsnKYy8XUuXi/4OctJiuQjcuqWNlJQ6jZiWqtPvqFziskH3hnajfvKB27ynbVCucKSm2rkQp4Bw==}
    engines: {node: '>= 12.0.0'}
    cpu: [arm64]
    os: [linux]

  lightningcss-linux-arm64-musl@1.30.1:
    resolution: {integrity: sha512-jmUQVx4331m6LIX+0wUhBbmMX7TCfjF5FoOH6SD1CttzuYlGNVpA7QnrmLxrsub43ClTINfGSYyHe2HWeLl5CQ==}
    engines: {node: '>= 12.0.0'}
    cpu: [arm64]
    os: [linux]

  lightningcss-linux-x64-gnu@1.30.1:
    resolution: {integrity: sha512-piWx3z4wN8J8z3+O5kO74+yr6ze/dKmPnI7vLqfSqI8bccaTGY5xiSGVIJBDd5K5BHlvVLpUB3S2YCfelyJ1bw==}
    engines: {node: '>= 12.0.0'}
    cpu: [x64]
    os: [linux]

  lightningcss-linux-x64-musl@1.30.1:
    resolution: {integrity: sha512-rRomAK7eIkL+tHY0YPxbc5Dra2gXlI63HL+v1Pdi1a3sC+tJTcFrHX+E86sulgAXeI7rSzDYhPSeHHjqFhqfeQ==}
    engines: {node: '>= 12.0.0'}
    cpu: [x64]
    os: [linux]

  lightningcss-win32-arm64-msvc@1.30.1:
    resolution: {integrity: sha512-mSL4rqPi4iXq5YVqzSsJgMVFENoa4nGTT/GjO2c0Yl9OuQfPsIfncvLrEW6RbbB24WtZ3xP/2CCmI3tNkNV4oA==}
    engines: {node: '>= 12.0.0'}
    cpu: [arm64]
    os: [win32]

  lightningcss-win32-x64-msvc@1.30.1:
    resolution: {integrity: sha512-PVqXh48wh4T53F/1CCu8PIPCxLzWyCnn/9T5W1Jpmdy5h9Cwd+0YQS6/LwhHXSafuc61/xg9Lv5OrCby6a++jg==}
    engines: {node: '>= 12.0.0'}
    cpu: [x64]
    os: [win32]

  lightningcss@1.30.1:
    resolution: {integrity: sha512-xi6IyHML+c9+Q3W0S4fCQJOym42pyurFiJUHEcEyHS0CeKzia4yZDEsLlqOFykxOdHpNy0NmvVO31vcSqAxJCg==}
    engines: {node: '>= 12.0.0'}

  loose-envify@1.4.0:
    resolution: {integrity: sha512-lyuxPGr/Wfhrlem2CL/UcnUc1zcqKAImBDzukY7Y5F/yQiNdko6+fRLevlw1HgMySw7f611UIY408EtxRSoK3Q==}
    hasBin: true

  lucide-react@0.289.0:
    resolution: {integrity: sha512-D3/kt5h4KVmO9Bqlhky/szWI3puEU/KJfQWCeX8Zhvx3xx0SQ4t6vbwiK9ORBbiaqXefkBbXjoq7fOBd7s5yXQ==}
    peerDependencies:
      react: ^16.5.1 || ^17.0.0 || ^18.0.0

  magic-string@0.30.17:
    resolution: {integrity: sha512-sNPKHvyjVf7gyjwS4xGTaW/mCnF8wnjtifKBEhxfZ7E/S8tQ0rssrwGNn6q8JH/ohItJfSQp9mBtQYuTlH5QnA==}

  minipass@7.1.2:
    resolution: {integrity: sha512-qOOzS1cBTWYF4BH8fVePDBOO9iptMnGUEZwNc/cMWnTV2nVLZ7VoNWEPHkYczZA0pdoA7dl6e7FL659nX9S2aw==}
    engines: {node: '>=16 || 14 >=14.17'}

  minizlib@3.0.2:
    resolution: {integrity: sha512-oG62iEk+CYt5Xj2YqI5Xi9xWUeZhDI8jjQmC5oThVH5JGCTgIjr7ciJDzC7MBzYd//WvR1OTmP5Q38Q8ShQtVA==}
    engines: {node: '>= 18'}

  mkdirp@3.0.1:
    resolution: {integrity: sha512-+NsyUUAZDmo6YVHzL/stxSu3t9YS1iljliy3BSDrXJ/dkn1KYdmtZODGGjLcc9XLgVVpH4KshHB8XmZgMhaBXg==}
    engines: {node: '>=10'}
    hasBin: true

  nanoid@3.3.11:
    resolution: {integrity: sha512-N8SpfPUnUp1bK+PMYW8qSWdl9U+wwNWI4QKxOYDy9JAro3WMX7p2OeVRF9v+347pnakNevPmiHhNmZ2HbFA76w==}
    engines: {node: ^10 || ^12 || ^13.7 || ^14 || >=15.0.1}
    hasBin: true

  next@14.2.29:
    resolution: {integrity: sha512-s98mCOMOWLGGpGOfgKSnleXLuegvvH415qtRZXpSp00HeEgdmrxmwL9cgKU+h4XrhB16zEI5d/7BnkS3ATInsA==}
    engines: {node: '>=18.17.0'}
    hasBin: true
    peerDependencies:
      '@opentelemetry/api': ^1.1.0
      '@playwright/test': ^1.41.2
      react: ^18.2.0
      react-dom: ^18.2.0
      sass: ^1.3.0
    peerDependenciesMeta:
      '@opentelemetry/api':
        optional: true
      '@playwright/test':
        optional: true
      sass:
        optional: true

  picocolors@1.1.1:
    resolution: {integrity: sha512-xceH2snhtb5M9liqDsmEw56le376mTZkEX/jEb/RxNFyegNul7eNslCXP9FDj/Lcu0X8KEyMceP2ntpaHrDEVA==}

  postcss@8.4.31:
    resolution: {integrity: sha512-PS08Iboia9mts/2ygV3eLpY5ghnUcfLV/EXTOW1E2qYxJKGGBUtNjN76FYHnMs36RmARn41bC0AZmn+rR0OVpQ==}
    engines: {node: ^10 || ^12 || >=14}

  postcss@8.5.4:
    resolution: {integrity: sha512-QSa9EBe+uwlGTFmHsPKokv3B/oEMQZxfqW0QqNCyhpa6mB1afzulwn8hihglqAb2pOw+BJgNlmXQ8la2VeHB7w==}
    engines: {node: ^10 || ^12 || >=14}

  react-dom@18.3.1:
    resolution: {integrity: sha512-5m4nQKp+rZRb09LNH59GM4BxTh9251/ylbKIbpe7TpGxfJ+9kv6BLkLBXIjjspbgbnIBNqlI23tRnTWT0snUIw==}
    peerDependencies:
      react: ^18.3.1

  react-remove-scroll-bar@2.3.8:
    resolution: {integrity: sha512-9r+yi9+mgU33AKcj6IbT9oRCO78WriSj6t/cF8DWBZJ9aOGPOTEDvdUDz1FwKim7QXWwmHqtdHnRJfhAxEG46Q==}
    engines: {node: '>=10'}
    peerDependencies:
      '@types/react': '*'
      react: ^16.8.0 || ^17.0.0 || ^18.0.0 || ^19.0.0
    peerDependenciesMeta:
      '@types/react':
        optional: true

  react-remove-scroll@2.7.1:
    resolution: {integrity: sha512-HpMh8+oahmIdOuS5aFKKY6Pyog+FNaZV/XyJOq7b4YFwsFHe5yYfdbIalI4k3vU2nSDql7YskmUseHsRrJqIPA==}
    engines: {node: '>=10'}
    peerDependencies:
      '@types/react': '*'
      react: ^16.8.0 || ^17.0.0 || ^18.0.0 || ^19.0.0 || ^19.0.0-rc
    peerDependenciesMeta:
      '@types/react':
        optional: true

  react-style-singleton@2.2.3:
    resolution: {integrity: sha512-b6jSvxvVnyptAiLjbkWLE/lOnR4lfTtDAl+eUC7RZy+QQWc6wRzIV2CE6xBuMmDxc2qIihtDCZD5NPOFl7fRBQ==}
    engines: {node: '>=10'}
    peerDependencies:
      '@types/react': '*'
      react: ^16.8.0 || ^17.0.0 || ^18.0.0 || ^19.0.0 || ^19.0.0-rc
    peerDependenciesMeta:
      '@types/react':
        optional: true

  react@18.3.1:
    resolution: {integrity: sha512-wS+hAgJShR0KhEvPJArfuPVN1+Hz1t0Y6n5jLrGQbkb4urgPE/0Rve+1kMB1v/oWgHgm4WIcV+i7F2pTVj+2iQ==}
    engines: {node: '>=0.10.0'}

  scheduler@0.23.2:
    resolution: {integrity: sha512-UOShsPwz7NrMUqhR6t0hWjFduvOzbtv7toDH1/hIrfRNIDBnnBWd0CwJTGvTpngVlmwGCdP9/Zl/tVrDqcuYzQ==}

  source-map-js@1.2.1:
    resolution: {integrity: sha512-UXWMKhLOwVKb728IUtQPXxfYU+usdybtUrK/8uGE8CQMvrhOpwvzDBwj0QhSL7MQc7vIsISBG8VQ8+IDQxpfQA==}
    engines: {node: '>=0.10.0'}

  streamsearch@1.1.0:
    resolution: {integrity: sha512-Mcc5wHehp9aXz1ax6bZUyY5afg9u2rv5cqQI3mRrYkGC8rW2hM02jWuwjtL++LS5qinSyhj2QfLyNsuc+VsExg==}
    engines: {node: '>=10.0.0'}

  styled-jsx@5.1.1:
    resolution: {integrity: sha512-pW7uC1l4mBZ8ugbiZrcIsiIvVx1UmTfw7UkC3Um2tmfUq9Bhk8IiyEIPl6F8agHgjzku6j0xQEZbfA5uSgSaCw==}
    engines: {node: '>= 12.0.0'}
    peerDependencies:
      '@babel/core': '*'
      babel-plugin-macros: '*'
      react: '>= 16.8.0 || 17.x.x || ^18.0.0-0'
    peerDependenciesMeta:
      '@babel/core':
        optional: true
      babel-plugin-macros:
        optional: true

  tailwindcss@4.1.8:
    resolution: {integrity: sha512-kjeW8gjdxasbmFKpVGrGd5T4i40mV5J2Rasw48QARfYeQ8YS9x02ON9SFWax3Qf616rt4Cp3nVNIj6Hd1mP3og==}

  tapable@2.2.2:
    resolution: {integrity: sha512-Re10+NauLTMCudc7T5WLFLAwDhQ0JWdrMK+9B2M8zR5hRExKmsRDCBA7/aV/pNJFltmBFO5BAMlQFi/vq3nKOg==}
    engines: {node: '>=6'}

  tar@7.4.3:
    resolution: {integrity: sha512-5S7Va8hKfV7W5U6g3aYxXmlPoZVAwUMy9AOKyF2fVuZa2UD3qZjg578OrLRt8PcNN1PleVaL/5/yYATNL0ICUw==}
    engines: {node: '>=18'}

  tslib@2.8.1:
    resolution: {integrity: sha512-oJFu94HQb+KVduSUQL7wnpmqnfmLsOA/nAh6b6EH0wCEoK0/mPeXU6c3wKDV83MkOuHPRHtSXKKU99IBazS/2w==}

  typescript@5.8.3:
    resolution: {integrity: sha512-p1diW6TqL9L07nNxvRMM7hMMw4c5XOo/1ibL4aAIGmSAt9slTE1Xgw5KWuof2uTOvCg9BY7ZRi+GaF+7sfgPeQ==}
    engines: {node: '>=14.17'}
    hasBin: true

  undici-types@6.21.0:
    resolution: {integrity: sha512-iwDZqg0QAGrg9Rav5H4n0M64c3mkR59cJ6wQp+7C4nI0gsmExaedaYLNO44eT4AtBBwjbTiGPMlt2Md0T9H9JQ==}

  use-callback-ref@1.3.3:
    resolution: {integrity: sha512-jQL3lRnocaFtu3V00JToYz/4QkNWswxijDaCVNZRiRTO3HQDLsdu1ZtmIUvV4yPp+rvWm5j0y0TG/S61cuijTg==}
    engines: {node: '>=10'}
    peerDependencies:
      '@types/react': '*'
      react: ^16.8.0 || ^17.0.0 || ^18.0.0 || ^19.0.0 || ^19.0.0-rc
    peerDependenciesMeta:
      '@types/react':
        optional: true

  use-sidecar@1.1.3:
    resolution: {integrity: sha512-Fedw0aZvkhynoPYlA5WXrMCAMm+nSWdZt6lzJQ7Ok8S6Q+VsHmHpRWndVRJ8Be0ZbkfPc5LRYH+5XrzXcEeLRQ==}
    engines: {node: '>=10'}
    peerDependencies:
      '@types/react': '*'
      react: ^16.8.0 || ^17.0.0 || ^18.0.0 || ^19.0.0 || ^19.0.0-rc
    peerDependenciesMeta:
      '@types/react':
        optional: true

  yallist@5.0.0:
    resolution: {integrity: sha512-YgvUTfwqyc7UXVMrB+SImsVYSmTS8X/tSrtdNZMImM+n7+QTriRXyXim0mBrTXNeqzVF0KWGgHPeiyViFFrNDw==}
    engines: {node: '>=18'}

snapshots:

  '@alloc/quick-lru@5.2.0': {}

  '@ampproject/remapping@2.3.0':
    dependencies:
      '@jridgewell/gen-mapping': 0.3.8
      '@jridgewell/trace-mapping': 0.3.25

  '@biomejs/biome@1.9.4':
    optionalDependencies:
      '@biomejs/cli-darwin-arm64': 1.9.4
      '@biomejs/cli-darwin-x64': 1.9.4
      '@biomejs/cli-linux-arm64': 1.9.4
      '@biomejs/cli-linux-arm64-musl': 1.9.4
      '@biomejs/cli-linux-x64': 1.9.4
      '@biomejs/cli-linux-x64-musl': 1.9.4
      '@biomejs/cli-win32-arm64': 1.9.4
      '@biomejs/cli-win32-x64': 1.9.4

  '@biomejs/cli-darwin-arm64@1.9.4':
    optional: true

  '@biomejs/cli-darwin-x64@1.9.4':
    optional: true

  '@biomejs/cli-linux-arm64-musl@1.9.4':
    optional: true

  '@biomejs/cli-linux-arm64@1.9.4':
    optional: true

  '@biomejs/cli-linux-x64-musl@1.9.4':
    optional: true

  '@biomejs/cli-linux-x64@1.9.4':
    optional: true

  '@biomejs/cli-win32-arm64@1.9.4':
    optional: true

  '@biomejs/cli-win32-x64@1.9.4':
    optional: true

  '@isaacs/fs-minipass@4.0.1':
    dependencies:
      minipass: 7.1.2

  '@jridgewell/gen-mapping@0.3.8':
    dependencies:
      '@jridgewell/set-array': 1.2.1
      '@jridgewell/sourcemap-codec': 1.5.0
      '@jridgewell/trace-mapping': 0.3.25

  '@jridgewell/resolve-uri@3.1.2': {}

  '@jridgewell/set-array@1.2.1': {}

  '@jridgewell/sourcemap-codec@1.5.0': {}

  '@jridgewell/trace-mapping@0.3.25':
    dependencies:
      '@jridgewell/resolve-uri': 3.1.2
      '@jridgewell/sourcemap-codec': 1.5.0

  '@next/env@14.2.29': {}

  '@next/swc-darwin-arm64@14.2.29':
    optional: true

  '@next/swc-darwin-x64@14.2.29':
    optional: true

  '@next/swc-linux-arm64-gnu@14.2.29':
    optional: true

  '@next/swc-linux-arm64-musl@14.2.29':
    optional: true

  '@next/swc-linux-x64-gnu@14.2.29':
    optional: true

  '@next/swc-linux-x64-musl@14.2.29':
    optional: true

  '@next/swc-win32-arm64-msvc@14.2.29':
    optional: true

  '@next/swc-win32-ia32-msvc@14.2.29':
    optional: true

  '@next/swc-win32-x64-msvc@14.2.29':
    optional: true

  '@radix-ui/primitive@1.1.2': {}

  '@radix-ui/react-compose-refs@1.1.2(@types/react@18.3.23)(react@18.3.1)':
    dependencies:
      react: 18.3.1
    optionalDependencies:
      '@types/react': 18.3.23

  '@radix-ui/react-context@1.1.2(@types/react@18.3.23)(react@18.3.1)':
    dependencies:
      react: 18.3.1
    optionalDependencies:
      '@types/react': 18.3.23

  '@radix-ui/react-dialog@1.1.14(@types/react-dom@18.3.7(@types/react@18.3.23))(@types/react@18.3.23)(react-dom@18.3.1(react@18.3.1))(react@18.3.1)':
    dependencies:
      '@radix-ui/primitive': 1.1.2
      '@radix-ui/react-compose-refs': 1.1.2(@types/react@18.3.23)(react@18.3.1)
      '@radix-ui/react-context': 1.1.2(@types/react@18.3.23)(react@18.3.1)
      '@radix-ui/react-dismissable-layer': 1.1.10(@types/react-dom@18.3.7(@types/react@18.3.23))(@types/react@18.3.23)(react-dom@18.3.1(react@18.3.1))(react@18.3.1)
      '@radix-ui/react-focus-guards': 1.1.2(@types/react@18.3.23)(react@18.3.1)
      '@radix-ui/react-focus-scope': 1.1.7(@types/react-dom@18.3.7(@types/react@18.3.23))(@types/react@18.3.23)(react-dom@18.3.1(react@18.3.1))(react@18.3.1)
      '@radix-ui/react-id': 1.1.1(@types/react@18.3.23)(react@18.3.1)
      '@radix-ui/react-portal': 1.1.9(@types/react-dom@18.3.7(@types/react@18.3.23))(@types/react@18.3.23)(react-dom@18.3.1(react@18.3.1))(react@18.3.1)
      '@radix-ui/react-presence': 1.1.4(@types/react-dom@18.3.7(@types/react@18.3.23))(@types/react@18.3.23)(react-dom@18.3.1(react@18.3.1))(react@18.3.1)
      '@radix-ui/react-primitive': 2.1.3(@types/react-dom@18.3.7(@types/react@18.3.23))(@types/react@18.3.23)(react-dom@18.3.1(react@18.3.1))(react@18.3.1)
      '@radix-ui/react-slot': 1.2.3(@types/react@18.3.23)(react@18.3.1)
      '@radix-ui/react-use-controllable-state': 1.2.2(@types/react@18.3.23)(react@18.3.1)
      aria-hidden: 1.2.6
      react: 18.3.1
      react-dom: 18.3.1(react@18.3.1)
      react-remove-scroll: 2.7.1(@types/react@18.3.23)(react@18.3.1)
    optionalDependencies:
      '@types/react': 18.3.23
      '@types/react-dom': 18.3.7(@types/react@18.3.23)

  '@radix-ui/react-dismissable-layer@1.1.10(@types/react-dom@18.3.7(@types/react@18.3.23))(@types/react@18.3.23)(react-dom@18.3.1(react@18.3.1))(react@18.3.1)':
    dependencies:
      '@radix-ui/primitive': 1.1.2
      '@radix-ui/react-compose-refs': 1.1.2(@types/react@18.3.23)(react@18.3.1)
      '@radix-ui/react-primitive': 2.1.3(@types/react-dom@18.3.7(@types/react@18.3.23))(@types/react@18.3.23)(react-dom@18.3.1(react@18.3.1))(react@18.3.1)
      '@radix-ui/react-use-callback-ref': 1.1.1(@types/react@18.3.23)(react@18.3.1)
      '@radix-ui/react-use-escape-keydown': 1.1.1(@types/react@18.3.23)(react@18.3.1)
      react: 18.3.1
      react-dom: 18.3.1(react@18.3.1)
    optionalDependencies:
      '@types/react': 18.3.23
      '@types/react-dom': 18.3.7(@types/react@18.3.23)

  '@radix-ui/react-focus-guards@1.1.2(@types/react@18.3.23)(react@18.3.1)':
    dependencies:
      react: 18.3.1
    optionalDependencies:
      '@types/react': 18.3.23

  '@radix-ui/react-focus-scope@1.1.7(@types/react-dom@18.3.7(@types/react@18.3.23))(@types/react@18.3.23)(react-dom@18.3.1(react@18.3.1))(react@18.3.1)':
    dependencies:
      '@radix-ui/react-compose-refs': 1.1.2(@types/react@18.3.23)(react@18.3.1)
      '@radix-ui/react-primitive': 2.1.3(@types/react-dom@18.3.7(@types/react@18.3.23))(@types/react@18.3.23)(react-dom@18.3.1(react@18.3.1))(react@18.3.1)
      '@radix-ui/react-use-callback-ref': 1.1.1(@types/react@18.3.23)(react@18.3.1)
      react: 18.3.1
      react-dom: 18.3.1(react@18.3.1)
    optionalDependencies:
      '@types/react': 18.3.23
      '@types/react-dom': 18.3.7(@types/react@18.3.23)

  '@radix-ui/react-id@1.1.1(@types/react@18.3.23)(react@18.3.1)':
    dependencies:
      '@radix-ui/react-use-layout-effect': 1.1.1(@types/react@18.3.23)(react@18.3.1)
      react: 18.3.1
    optionalDependencies:
      '@types/react': 18.3.23

  '@radix-ui/react-portal@1.1.9(@types/react-dom@18.3.7(@types/react@18.3.23))(@types/react@18.3.23)(react-dom@18.3.1(react@18.3.1))(react@18.3.1)':
    dependencies:
      '@radix-ui/react-primitive': 2.1.3(@types/react-dom@18.3.7(@types/react@18.3.23))(@types/react@18.3.23)(react-dom@18.3.1(react@18.3.1))(react@18.3.1)
      '@radix-ui/react-use-layout-effect': 1.1.1(@types/react@18.3.23)(react@18.3.1)
      react: 18.3.1
      react-dom: 18.3.1(react@18.3.1)
    optionalDependencies:
      '@types/react': 18.3.23
      '@types/react-dom': 18.3.7(@types/react@18.3.23)

  '@radix-ui/react-presence@1.1.4(@types/react-dom@18.3.7(@types/react@18.3.23))(@types/react@18.3.23)(react-dom@18.3.1(react@18.3.1))(react@18.3.1)':
    dependencies:
      '@radix-ui/react-compose-refs': 1.1.2(@types/react@18.3.23)(react@18.3.1)
      '@radix-ui/react-use-layout-effect': 1.1.1(@types/react@18.3.23)(react@18.3.1)
      react: 18.3.1
      react-dom: 18.3.1(react@18.3.1)
    optionalDependencies:
      '@types/react': 18.3.23
      '@types/react-dom': 18.3.7(@types/react@18.3.23)

  '@radix-ui/react-primitive@2.1.3(@types/react-dom@18.3.7(@types/react@18.3.23))(@types/react@18.3.23)(react-dom@18.3.1(react@18.3.1))(react@18.3.1)':
    dependencies:
      '@radix-ui/react-slot': 1.2.3(@types/react@18.3.23)(react@18.3.1)
      react: 18.3.1
      react-dom: 18.3.1(react@18.3.1)
    optionalDependencies:
      '@types/react': 18.3.23
      '@types/react-dom': 18.3.7(@types/react@18.3.23)

  '@radix-ui/react-slot@1.2.3(@types/react@18.3.23)(react@18.3.1)':
    dependencies:
      '@radix-ui/react-compose-refs': 1.1.2(@types/react@18.3.23)(react@18.3.1)
      react: 18.3.1
    optionalDependencies:
      '@types/react': 18.3.23

  '@radix-ui/react-use-callback-ref@1.1.1(@types/react@18.3.23)(react@18.3.1)':
    dependencies:
      react: 18.3.1
    optionalDependencies:
      '@types/react': 18.3.23

  '@radix-ui/react-use-controllable-state@1.2.2(@types/react@18.3.23)(react@18.3.1)':
    dependencies:
      '@radix-ui/react-use-effect-event': 0.0.2(@types/react@18.3.23)(react@18.3.1)
      '@radix-ui/react-use-layout-effect': 1.1.1(@types/react@18.3.23)(react@18.3.1)
      react: 18.3.1
    optionalDependencies:
      '@types/react': 18.3.23

  '@radix-ui/react-use-effect-event@0.0.2(@types/react@18.3.23)(react@18.3.1)':
    dependencies:
      '@radix-ui/react-use-layout-effect': 1.1.1(@types/react@18.3.23)(react@18.3.1)
      react: 18.3.1
    optionalDependencies:
      '@types/react': 18.3.23

  '@radix-ui/react-use-escape-keydown@1.1.1(@types/react@18.3.23)(react@18.3.1)':
    dependencies:
      '@radix-ui/react-use-callback-ref': 1.1.1(@types/react@18.3.23)(react@18.3.1)
      react: 18.3.1
    optionalDependencies:
      '@types/react': 18.3.23

  '@radix-ui/react-use-layout-effect@1.1.1(@types/react@18.3.23)(react@18.3.1)':
    dependencies:
      react: 18.3.1
    optionalDependencies:
      '@types/react': 18.3.23

  '@swc/counter@0.1.3': {}

  '@swc/helpers@0.5.5':
    dependencies:
      '@swc/counter': 0.1.3
      tslib: 2.8.1

  '@tailwindcss/node@4.1.8':
    dependencies:
      '@ampproject/remapping': 2.3.0
      enhanced-resolve: 5.18.1
      jiti: 2.4.2
      lightningcss: 1.30.1
      magic-string: 0.30.17
      source-map-js: 1.2.1
      tailwindcss: 4.1.8

  '@tailwindcss/oxide-android-arm64@4.1.8':
    optional: true

  '@tailwindcss/oxide-darwin-arm64@4.1.8':
    optional: true

  '@tailwindcss/oxide-darwin-x64@4.1.8':
    optional: true

  '@tailwindcss/oxide-freebsd-x64@4.1.8':
    optional: true

  '@tailwindcss/oxide-linux-arm-gnueabihf@4.1.8':
    optional: true

  '@tailwindcss/oxide-linux-arm64-gnu@4.1.8':
    optional: true

  '@tailwindcss/oxide-linux-arm64-musl@4.1.8':
    optional: true

  '@tailwindcss/oxide-linux-x64-gnu@4.1.8':
    optional: true

  '@tailwindcss/oxide-linux-x64-musl@4.1.8':
    optional: true

  '@tailwindcss/oxide-wasm32-wasi@4.1.8':
    optional: true

  '@tailwindcss/oxide-win32-arm64-msvc@4.1.8':
    optional: true

  '@tailwindcss/oxide-win32-x64-msvc@4.1.8':
    optional: true

  '@tailwindcss/oxide@4.1.8':
    dependencies:
      detect-libc: 2.0.4
      tar: 7.4.3
    optionalDependencies:
      '@tailwindcss/oxide-android-arm64': 4.1.8
      '@tailwindcss/oxide-darwin-arm64': 4.1.8
      '@tailwindcss/oxide-darwin-x64': 4.1.8
      '@tailwindcss/oxide-freebsd-x64': 4.1.8
      '@tailwindcss/oxide-linux-arm-gnueabihf': 4.1.8
      '@tailwindcss/oxide-linux-arm64-gnu': 4.1.8
      '@tailwindcss/oxide-linux-arm64-musl': 4.1.8
      '@tailwindcss/oxide-linux-x64-gnu': 4.1.8
      '@tailwindcss/oxide-linux-x64-musl': 4.1.8
      '@tailwindcss/oxide-wasm32-wasi': 4.1.8
      '@tailwindcss/oxide-win32-arm64-msvc': 4.1.8
      '@tailwindcss/oxide-win32-x64-msvc': 4.1.8

  '@tailwindcss/postcss@4.1.8':
    dependencies:
      '@alloc/quick-lru': 5.2.0
      '@tailwindcss/node': 4.1.8
      '@tailwindcss/oxide': 4.1.8
      postcss: 8.5.4
      tailwindcss: 4.1.8

  '@types/node@20.19.0':
    dependencies:
      undici-types: 6.21.0

  '@types/prop-types@15.7.14': {}

  '@types/react-dom@18.3.7(@types/react@18.3.23)':
    dependencies:
      '@types/react': 18.3.23

  '@types/react@18.3.23':
    dependencies:
      '@types/prop-types': 15.7.14
      csstype: 3.1.3

  aria-hidden@1.2.6:
    dependencies:
      tslib: 2.8.1

  busboy@1.6.0:
    dependencies:
      streamsearch: 1.1.0

  caniuse-lite@1.0.30001721: {}

  chownr@3.0.0: {}

  client-only@0.0.1: {}

  cropperjs@1.6.2: {}

  csstype@3.1.3: {}

  detect-libc@2.0.4: {}

  detect-node-es@1.1.0: {}

  enhanced-resolve@5.18.1:
    dependencies:
      graceful-fs: 4.2.11
      tapable: 2.2.2

  get-nonce@1.0.1: {}

  graceful-fs@4.2.11: {}

  jiti@2.4.2: {}

  js-tokens@4.0.0: {}

  lightningcss-darwin-arm64@1.30.1:
    optional: true

  lightningcss-darwin-x64@1.30.1:
    optional: true

  lightningcss-freebsd-x64@1.30.1:
    optional: true

  lightningcss-linux-arm-gnueabihf@1.30.1:
    optional: true

  lightningcss-linux-arm64-gnu@1.30.1:
    optional: true

  lightningcss-linux-arm64-musl@1.30.1:
    optional: true

  lightningcss-linux-x64-gnu@1.30.1:
    optional: true

  lightningcss-linux-x64-musl@1.30.1:
    optional: true

  lightningcss-win32-arm64-msvc@1.30.1:
    optional: true

  lightningcss-win32-x64-msvc@1.30.1:
    optional: true

  lightningcss@1.30.1:
    dependencies:
      detect-libc: 2.0.4
    optionalDependencies:
      lightningcss-darwin-arm64: 1.30.1
      lightningcss-darwin-x64: 1.30.1
      lightningcss-freebsd-x64: 1.30.1
      lightningcss-linux-arm-gnueabihf: 1.30.1
      lightningcss-linux-arm64-gnu: 1.30.1
      lightningcss-linux-arm64-musl: 1.30.1
      lightningcss-linux-x64-gnu: 1.30.1
      lightningcss-linux-x64-musl: 1.30.1
      lightningcss-win32-arm64-msvc: 1.30.1
      lightningcss-win32-x64-msvc: 1.30.1

  loose-envify@1.4.0:
    dependencies:
      js-tokens: 4.0.0

  lucide-react@0.289.0(react@18.3.1):
    dependencies:
      react: 18.3.1

  magic-string@0.30.17:
    dependencies:
      '@jridgewell/sourcemap-codec': 1.5.0

  minipass@7.1.2: {}

  minizlib@3.0.2:
    dependencies:
      minipass: 7.1.2

  mkdirp@3.0.1: {}

  nanoid@3.3.11: {}

  next@14.2.29(react-dom@18.3.1(react@18.3.1))(react@18.3.1):
    dependencies:
      '@next/env': 14.2.29
      '@swc/helpers': 0.5.5
      busboy: 1.6.0
      caniuse-lite: 1.0.30001721
      graceful-fs: 4.2.11
      postcss: 8.4.31
      react: 18.3.1
      react-dom: 18.3.1(react@18.3.1)
      styled-jsx: 5.1.1(react@18.3.1)
    optionalDependencies:
      '@next/swc-darwin-arm64': 14.2.29
      '@next/swc-darwin-x64': 14.2.29
      '@next/swc-linux-arm64-gnu': 14.2.29
      '@next/swc-linux-arm64-musl': 14.2.29
      '@next/swc-linux-x64-gnu': 14.2.29
      '@next/swc-linux-x64-musl': 14.2.29
      '@next/swc-win32-arm64-msvc': 14.2.29
      '@next/swc-win32-ia32-msvc': 14.2.29
      '@next/swc-win32-x64-msvc': 14.2.29
    transitivePeerDependencies:
      - '@babel/core'
      - babel-plugin-macros

  picocolors@1.1.1: {}

  postcss@8.4.31:
    dependencies:
      nanoid: 3.3.11
      picocolors: 1.1.1
      source-map-js: 1.2.1

  postcss@8.5.4:
    dependencies:
      nanoid: 3.3.11
      picocolors: 1.1.1
      source-map-js: 1.2.1

  react-dom@18.3.1(react@18.3.1):
    dependencies:
      loose-envify: 1.4.0
      react: 18.3.1
      scheduler: 0.23.2

  react-remove-scroll-bar@2.3.8(@types/react@18.3.23)(react@18.3.1):
    dependencies:
      react: 18.3.1
      react-style-singleton: 2.2.3(@types/react@18.3.23)(react@18.3.1)
      tslib: 2.8.1
    optionalDependencies:
      '@types/react': 18.3.23

  react-remove-scroll@2.7.1(@types/react@18.3.23)(react@18.3.1):
    dependencies:
      react: 18.3.1
      react-remove-scroll-bar: 2.3.8(@types/react@18.3.23)(react@18.3.1)
      react-style-singleton: 2.2.3(@types/react@18.3.23)(react@18.3.1)
      tslib: 2.8.1
      use-callback-ref: 1.3.3(@types/react@18.3.23)(react@18.3.1)
      use-sidecar: 1.1.3(@types/react@18.3.23)(react@18.3.1)
    optionalDependencies:
      '@types/react': 18.3.23

  react-style-singleton@2.2.3(@types/react@18.3.23)(react@18.3.1):
    dependencies:
      get-nonce: 1.0.1
      react: 18.3.1
      tslib: 2.8.1
    optionalDependencies:
      '@types/react': 18.3.23

  react@18.3.1:
    dependencies:
      loose-envify: 1.4.0

  scheduler@0.23.2:
    dependencies:
      loose-envify: 1.4.0

  source-map-js@1.2.1: {}

  streamsearch@1.1.0: {}

  styled-jsx@5.1.1(react@18.3.1):
    dependencies:
      client-only: 0.0.1
      react: 18.3.1

  tailwindcss@4.1.8: {}

  tapable@2.2.2: {}

  tar@7.4.3:
    dependencies:
      '@isaacs/fs-minipass': 4.0.1
      chownr: 3.0.0
      minipass: 7.1.2
      minizlib: 3.0.2
      mkdirp: 3.0.1
      yallist: 5.0.0

  tslib@2.8.1: {}

  typescript@5.8.3: {}

  undici-types@6.21.0: {}

  use-callback-ref@1.3.3(@types/react@18.3.23)(react@18.3.1):
    dependencies:
      react: 18.3.1
      tslib: 2.8.1
    optionalDependencies:
      '@types/react': 18.3.23

  use-sidecar@1.1.3(@types/react@18.3.23)(react@18.3.1):
    dependencies:
      detect-node-es: 1.1.0
      react: 18.3.1
      tslib: 2.8.1
    optionalDependencies:
      '@types/react': 18.3.23

  yallist@5.0.0: {}
